
Microsoft Visual Studio Solution File, Format Version 12.00
# Visual Studio Version 17
VisualStudioVersion = 17.2.32602.215
MinimumVisualStudioVersion = 10.0.40219.1
Project("{2150E333-8FDC-42A3-9474-1A3956D46DE8}") = "script", "script", "{416CCEA4-8E6D-4248-B78A-465B3E8BB279}"
	ProjectSection(SolutionItems) = preProject
		script\build.yml = script\build.yml
		script\deployment.yaml = script\deployment.yaml
	EndProjectSection
EndProject
Project("{2150E333-8FDC-42A3-9474-1A3956D46DE8}") = "src", "src", "{022AC358-5FAB-46DD-8E38-F7652CCB579F}"
EndProject
Project("{9A19103F-16F7-4668-BE54-9A1E7A4F7556}") = "Facade", "src\Facade\Facade.csproj", "{2B9CD616-4834-4FE0-AD8E-AEC73501F77D}"
EndProject
Project("{2150E333-8FDC-42A3-9474-1A3956D46DE8}") = "1 Facade", "1 Facade", "{0AE8DC71-D055-470B-A770-307ABA5138B0}"
EndProject
Project("{2150E333-8FDC-42A3-9474-1A3956D46DE8}") = "2 Domain", "2 Domain", "{3B7B94CF-052D-414B-87A2-EB6BCA10815D}"
EndProject
Project("{2150E333-8FDC-42A3-9474-1A3956D46DE8}") = "3 Jobs", "3 Jobs", "{F43F6DA0-3B03-4827-AC7D-EC7A4A2762D0}"
EndProject
Project("{2150E333-8FDC-42A3-9474-1A3956D46DE8}") = "4 Data", "4 Data", "{43E6A6EF-2D8F-4C54-9B16-734D60BD42F2}"
EndProject
Project("{2150E333-8FDC-42A3-9474-1A3956D46DE8}") = "5 Utils", "5 Utils", "{B43EF418-AF51-4C62-BD7C-B05E6A137706}"
EndProject
Project("{9A19103F-16F7-4668-BE54-9A1E7A4F7556}") = "Domain", "src\Domain\Domain.csproj", "{383BD797-2782-404F-B74E-775F511EF1E4}"
EndProject
Project("{9A19103F-16F7-4668-BE54-9A1E7A4F7556}") = "Jobs", "src\Jobs\Jobs.csproj", "{FDDC8F80-477B-4317-A2AD-D8B4E4A4B234}"
EndProject
Project("{9A19103F-16F7-4668-BE54-9A1E7A4F7556}") = "Data.Oracle", "src\Data.Oracle\Data.Oracle.csproj", "{E1B4BD69-2FC5-4E89-B2A9-7E67485D8696}"
EndProject
Project("{9A19103F-16F7-4668-BE54-9A1E7A4F7556}") = "Util", "src\Util\Util.csproj", "{629BCA75-FAA0-48E7-91F4-EB276873F96E}"
EndProject
Global
	GlobalSection(SolutionConfigurationPlatforms) = preSolution
		Debug|Any CPU = Debug|Any CPU
		Release|Any CPU = Release|Any CPU
	EndGlobalSection
	GlobalSection(ProjectConfigurationPlatforms) = postSolution
		{2B9CD616-4834-4FE0-AD8E-AEC73501F77D}.Debug|Any CPU.ActiveCfg = Debug|Any CPU
		{2B9CD616-4834-4FE0-AD8E-AEC73501F77D}.Debug|Any CPU.Build.0 = Debug|Any CPU
		{2B9CD616-4834-4FE0-AD8E-AEC73501F77D}.Release|Any CPU.ActiveCfg = Release|Any CPU
		{2B9CD616-4834-4FE0-AD8E-AEC73501F77D}.Release|Any CPU.Build.0 = Release|Any CPU
		{383BD797-2782-404F-B74E-775F511EF1E4}.Debug|Any CPU.ActiveCfg = Debug|Any CPU
		{383BD797-2782-404F-B74E-775F511EF1E4}.Debug|Any CPU.Build.0 = Debug|Any CPU
		{383BD797-2782-404F-B74E-775F511EF1E4}.Release|Any CPU.ActiveCfg = Release|Any CPU
		{383BD797-2782-404F-B74E-775F511EF1E4}.Release|Any CPU.Build.0 = Release|Any CPU
		{FDDC8F80-477B-4317-A2AD-D8B4E4A4B234}.Debug|Any CPU.ActiveCfg = Debug|Any CPU
		{FDDC8F80-477B-4317-A2AD-D8B4E4A4B234}.Debug|Any CPU.Build.0 = Debug|Any CPU
		{FDDC8F80-477B-4317-A2AD-D8B4E4A4B234}.Release|Any CPU.ActiveCfg = Release|Any CPU
		{FDDC8F80-477B-4317-A2AD-D8B4E4A4B234}.Release|Any CPU.Build.0 = Release|Any CPU
		{E1B4BD69-2FC5-4E89-B2A9-7E67485D8696}.Debug|Any CPU.ActiveCfg = Debug|Any CPU
		{E1B4BD69-2FC5-4E89-B2A9-7E67485D8696}.Debug|Any CPU.Build.0 = Debug|Any CPU
		{E1B4BD69-2FC5-4E89-B2A9-7E67485D8696}.Release|Any CPU.ActiveCfg = Release|Any CPU
		{E1B4BD69-2FC5-4E89-B2A9-7E67485D8696}.Release|Any CPU.Build.0 = Release|Any CPU
		{629BCA75-FAA0-48E7-91F4-EB276873F96E}.Debug|Any CPU.ActiveCfg = Debug|Any CPU
		{629BCA75-FAA0-48E7-91F4-EB276873F96E}.Debug|Any CPU.Build.0 = Debug|Any CPU
		{629BCA75-FAA0-48E7-91F4-EB276873F96E}.Release|Any CPU.ActiveCfg = Release|Any CPU
		{629BCA75-FAA0-48E7-91F4-EB276873F96E}.Release|Any CPU.Build.0 = Release|Any CPU
	EndGlobalSection
	GlobalSection(SolutionProperties) = preSolution
		HideSolutionNode = FALSE
	EndGlobalSection
	GlobalSection(NestedProjects) = preSolution
		{2B9CD616-4834-4FE0-AD8E-AEC73501F77D} = {0AE8DC71-D055-470B-A770-307ABA5138B0}
		{0AE8DC71-D055-470B-A770-307ABA5138B0} = {022AC358-5FAB-46DD-8E38-F7652CCB579F}
		{3B7B94CF-052D-414B-87A2-EB6BCA10815D} = {022AC358-5FAB-46DD-8E38-F7652CCB579F}
		{F43F6DA0-3B03-4827-AC7D-EC7A4A2762D0} = {022AC358-5FAB-46DD-8E38-F7652CCB579F}
		{43E6A6EF-2D8F-4C54-9B16-734D60BD42F2} = {022AC358-5FAB-46DD-8E38-F7652CCB579F}
		{B43EF418-AF51-4C62-BD7C-B05E6A137706} = {022AC358-5FAB-46DD-8E38-F7652CCB579F}
		{383BD797-2782-404F-B74E-775F511EF1E4} = {3B7B94CF-052D-414B-87A2-EB6BCA10815D}
		{FDDC8F80-477B-4317-A2AD-D8B4E4A4B234} = {F43F6DA0-3B03-4827-AC7D-EC7A4A2762D0}
		{E1B4BD69-2FC5-4E89-B2A9-7E67485D8696} = {43E6A6EF-2D8F-4C54-9B16-734D60BD42F2}
		{629BCA75-FAA0-48E7-91F4-EB276873F96E} = {B43EF418-AF51-4C62-BD7C-B05E6A137706}
	EndGlobalSection
	GlobalSection(ExtensibilityGlobals) = postSolution
		SolutionGuid = {43AB450A-CFF8-485B-A267-33CD0E1DEE40}
	EndGlobalSection
EndGlobal
