
Microsoft Visual Studio Solution File, Format Version 12.00
# Visual Studio Version 17
VisualStudioVersion = 17.2.32602.215
MinimumVisualStudioVersion = 10.0.40219.1
Project("{2150E333-8FDC-42A3-9474-1A3956D46DE8}") = "script", "script", "{DA4B0F0F-D770-4231-8E6D-496744D334D7}"
	ProjectSection(SolutionItems) = preProject
		script\build.yml = script\build.yml
		script\deployment.yaml = script\deployment.yaml
	EndProjectSection
EndProject
Project("{2150E333-8FDC-42A3-9474-1A3956D46DE8}") = "src", "src", "{5F12EF51-626B-4290-BF88-E9C5E9F9D208}"
EndProject
Project("{2150E333-8FDC-42A3-9474-1A3956D46DE8}") = "1. Facade", "1. Facade", "{20326416-0073-4ADD-9B09-195F39B883C9}"
EndProject
Project("{2150E333-8FDC-42A3-9474-1A3956D46DE8}") = "2. Domain", "2. Domain", "{00947202-A9FF-4597-95F0-93A316A1C2DF}"
EndProject
Project("{2150E333-8FDC-42A3-9474-1A3956D46DE8}") = "3. Jobs", "3. Jobs", "{467E7ECE-C890-42E8-A5D7-2CD6500B85B0}"
EndProject
Project("{2150E333-8FDC-42A3-9474-1A3956D46DE8}") = "4. Data", "4. Data", "{3CB9EE64-B4C1-48ED-94FA-C7BC96B593E1}"
EndProject
Project("{2150E333-8FDC-42A3-9474-1A3956D46DE8}") = "5. Utils", "5. Utils", "{B40CD158-CA48-4F64-9233-94F02A584145}"
EndProject
Project("{9A19103F-16F7-4668-BE54-9A1E7A4F7556}") = "Facade", "src\Facade\Facade.csproj", "{E5ACA084-21D5-4823-857D-DF000DD3B51C}"
EndProject
Project("{9A19103F-16F7-4668-BE54-9A1E7A4F7556}") = "Util", "src\Util\Util.csproj", "{8FB94B8F-DAAE-4B02-9AD6-843A3566B125}"
EndProject
Project("{9A19103F-16F7-4668-BE54-9A1E7A4F7556}") = "Domain", "src\Domain\Domain.csproj", "{D759AAE1-5F20-458B-A687-EB630779D04A}"
EndProject
Project("{9A19103F-16F7-4668-BE54-9A1E7A4F7556}") = "Jobs", "src\Jobs\Jobs.csproj", "{69CFEAD2-BBD9-4202-B8AD-4A0E198DC0C9}"
EndProject
Project("{9A19103F-16F7-4668-BE54-9A1E7A4F7556}") = "Data.Oracle", "src\Data.Oracle\Data.Oracle.csproj", "{B4B4FB05-7AF4-437E-872A-F30D46296C8E}"
EndProject
Project("{9A19103F-16F7-4668-BE54-9A1E7A4F7556}") = "Data.WMS", "src\Data.WMS\Data.WMS.csproj", "{9B087D52-2F35-4A72-8815-B39DB5C43E5E}"
EndProject
Global
	GlobalSection(SolutionConfigurationPlatforms) = preSolution
		Debug|Any CPU = Debug|Any CPU
		Release|Any CPU = Release|Any CPU
	EndGlobalSection
	GlobalSection(ProjectConfigurationPlatforms) = postSolution
		{E5ACA084-21D5-4823-857D-DF000DD3B51C}.Debug|Any CPU.ActiveCfg = Debug|Any CPU
		{E5ACA084-21D5-4823-857D-DF000DD3B51C}.Debug|Any CPU.Build.0 = Debug|Any CPU
		{E5ACA084-21D5-4823-857D-DF000DD3B51C}.Release|Any CPU.ActiveCfg = Release|Any CPU
		{E5ACA084-21D5-4823-857D-DF000DD3B51C}.Release|Any CPU.Build.0 = Release|Any CPU
		{8FB94B8F-DAAE-4B02-9AD6-843A3566B125}.Debug|Any CPU.ActiveCfg = Debug|Any CPU
		{8FB94B8F-DAAE-4B02-9AD6-843A3566B125}.Debug|Any CPU.Build.0 = Debug|Any CPU
		{8FB94B8F-DAAE-4B02-9AD6-843A3566B125}.Release|Any CPU.ActiveCfg = Release|Any CPU
		{8FB94B8F-DAAE-4B02-9AD6-843A3566B125}.Release|Any CPU.Build.0 = Release|Any CPU
		{D759AAE1-5F20-458B-A687-EB630779D04A}.Debug|Any CPU.ActiveCfg = Debug|Any CPU
		{D759AAE1-5F20-458B-A687-EB630779D04A}.Debug|Any CPU.Build.0 = Debug|Any CPU
		{D759AAE1-5F20-458B-A687-EB630779D04A}.Release|Any CPU.ActiveCfg = Release|Any CPU
		{D759AAE1-5F20-458B-A687-EB630779D04A}.Release|Any CPU.Build.0 = Release|Any CPU
		{69CFEAD2-BBD9-4202-B8AD-4A0E198DC0C9}.Debug|Any CPU.ActiveCfg = Debug|Any CPU
		{69CFEAD2-BBD9-4202-B8AD-4A0E198DC0C9}.Debug|Any CPU.Build.0 = Debug|Any CPU
		{69CFEAD2-BBD9-4202-B8AD-4A0E198DC0C9}.Release|Any CPU.ActiveCfg = Release|Any CPU
		{69CFEAD2-BBD9-4202-B8AD-4A0E198DC0C9}.Release|Any CPU.Build.0 = Release|Any CPU
		{B4B4FB05-7AF4-437E-872A-F30D46296C8E}.Debug|Any CPU.ActiveCfg = Debug|Any CPU
		{B4B4FB05-7AF4-437E-872A-F30D46296C8E}.Debug|Any CPU.Build.0 = Debug|Any CPU
		{B4B4FB05-7AF4-437E-872A-F30D46296C8E}.Release|Any CPU.ActiveCfg = Release|Any CPU
		{B4B4FB05-7AF4-437E-872A-F30D46296C8E}.Release|Any CPU.Build.0 = Release|Any CPU
		{9B087D52-2F35-4A72-8815-B39DB5C43E5E}.Debug|Any CPU.ActiveCfg = Debug|Any CPU
		{9B087D52-2F35-4A72-8815-B39DB5C43E5E}.Debug|Any CPU.Build.0 = Debug|Any CPU
		{9B087D52-2F35-4A72-8815-B39DB5C43E5E}.Release|Any CPU.ActiveCfg = Release|Any CPU
		{9B087D52-2F35-4A72-8815-B39DB5C43E5E}.Release|Any CPU.Build.0 = Release|Any CPU
	EndGlobalSection
	GlobalSection(SolutionProperties) = preSolution
		HideSolutionNode = FALSE
	EndGlobalSection
	GlobalSection(NestedProjects) = preSolution
		{20326416-0073-4ADD-9B09-195F39B883C9} = {5F12EF51-626B-4290-BF88-E9C5E9F9D208}
		{00947202-A9FF-4597-95F0-93A316A1C2DF} = {5F12EF51-626B-4290-BF88-E9C5E9F9D208}
		{467E7ECE-C890-42E8-A5D7-2CD6500B85B0} = {5F12EF51-626B-4290-BF88-E9C5E9F9D208}
		{3CB9EE64-B4C1-48ED-94FA-C7BC96B593E1} = {5F12EF51-626B-4290-BF88-E9C5E9F9D208}
		{B40CD158-CA48-4F64-9233-94F02A584145} = {5F12EF51-626B-4290-BF88-E9C5E9F9D208}
		{E5ACA084-21D5-4823-857D-DF000DD3B51C} = {20326416-0073-4ADD-9B09-195F39B883C9}
		{8FB94B8F-DAAE-4B02-9AD6-843A3566B125} = {B40CD158-CA48-4F64-9233-94F02A584145}
		{D759AAE1-5F20-458B-A687-EB630779D04A} = {00947202-A9FF-4597-95F0-93A316A1C2DF}
		{69CFEAD2-BBD9-4202-B8AD-4A0E198DC0C9} = {467E7ECE-C890-42E8-A5D7-2CD6500B85B0}
		{B4B4FB05-7AF4-437E-872A-F30D46296C8E} = {3CB9EE64-B4C1-48ED-94FA-C7BC96B593E1}
		{9B087D52-2F35-4A72-8815-B39DB5C43E5E} = {3CB9EE64-B4C1-48ED-94FA-C7BC96B593E1}
	EndGlobalSection
	GlobalSection(ExtensibilityGlobals) = postSolution
		SolutionGuid = {B57FA47C-17B1-40BF-803D-96E01386B613}
	EndGlobalSection
EndGlobal
